
Microsoft Visual Studio Solution File, Format Version 12.00
# Visual Studio 15
VisualStudioVersion = 15.0.28307.572
MinimumVisualStudioVersion = 10.0.40219.1
Project("{F184B08F-C81C-45F6-A57F-5ABD9991F28F}") = "Blockbuster_Resurrection", "Blockbuster_Resurrection\Blockbuster_Resurrection.vbproj", "{24689AEC-2791-4B6E-9CC0-F87D7D1551DD}"
EndProject
Global
	GlobalSection(SolutionConfigurationPlatforms) = preSolution
		Debug|Any CPU = Debug|Any CPU
		Release|Any CPU = Release|Any CPU
	EndGlobalSection
	GlobalSection(ProjectConfigurationPlatforms) = postSolution
		{24689AEC-2791-4B6E-9CC0-F87D7D1551DD}.Debug|Any CPU.ActiveCfg = Debug|Any CPU
		{24689AEC-2791-4B6E-9CC0-F87D7D1551DD}.Debug|Any CPU.Build.0 = Debug|Any CPU
		{24689AEC-2791-4B6E-9CC0-F87D7D1551DD}.Release|Any CPU.ActiveCfg = Release|Any CPU
		{24689AEC-2791-4B6E-9CC0-F87D7D1551DD}.Release|Any CPU.Build.0 = Release|Any CPU
	EndGlobalSection
	GlobalSection(SolutionProperties) = preSolution
		HideSolutionNode = FALSE
	EndGlobalSection
	GlobalSection(ExtensibilityGlobals) = postSolution
		SolutionGuid = {6AB77D5F-99AA-4574-A92D-3D746623A153}
	EndGlobalSection
EndGlobal
